// !$*UTF8*$!
{
	archiveVersion = 1;
	classes = {
	};
	objectVersion = 50;
	objects = {

/* Begin PBXBuildFile section */
		556A41D125842B8700C56516 /* AppleFrameworksApp.swift in Sources */ = {isa = PBXBuildFile; fileRef = 556A41D025842B8700C56516 /* AppleFrameworksApp.swift */; };
		556A41D525842B8800C56516 /* Assets.xcassets in Resources */ = {isa = PBXBuildFile; fileRef = 556A41D425842B8800C56516 /* Assets.xcassets */; };
		556A41D825842B8800C56516 /* Preview Assets.xcassets in Resources */ = {isa = PBXBuildFile; fileRef = 556A41D725842B8800C56516 /* Preview Assets.xcassets */; };
		556A41E125842BDA00C56516 /* Framework.swift in Sources */ = {isa = PBXBuildFile; fileRef = 556A41E025842BDA00C56516 /* Framework.swift */; };
		556A41E525842D7800C56516 /* FrameworkGridView.swift in Sources */ = {isa = PBXBuildFile; fileRef = 556A41E425842D7800C56516 /* FrameworkGridView.swift */; };
		55942619258C147A0037D5DC /* FrameworkGridViewModel.swift in Sources */ = {isa = PBXBuildFile; fileRef = 55942618258C147A0037D5DC /* FrameworkGridViewModel.swift */; };
		55F90578258ABD360010AFD6 /* FrameworkDetailView.swift in Sources */ = {isa = PBXBuildFile; fileRef = 55F90577258ABD360010AFD6 /* FrameworkDetailView.swift */; };
		55F9057B258AC13A0010AFD6 /* AFButton.swift in Sources */ = {isa = PBXBuildFile; fileRef = 55F9057A258AC13A0010AFD6 /* AFButton.swift */; };
/* End PBXBuildFile section */

/* Begin PBXFileReference section */
		556A41CD25842B8700C56516 /* AppleFrameworks.app */ = {isa = PBXFileReference; explicitFileType = wrapper.application; includeInIndex = 0; path = AppleFrameworks.app; sourceTree = BUILT_PRODUCTS_DIR; };
		556A41D025842B8700C56516 /* AppleFrameworksApp.swift */ = {isa = PBXFileReference; lastKnownFileType = sourcecode.swift; path = AppleFrameworksApp.swift; sourceTree = "<group>"; };
		556A41D425842B8800C56516 /* Assets.xcassets */ = {isa = PBXFileReference; lastKnownFileType = folder.assetcatalog; path = Assets.xcassets; sourceTree = "<group>"; };
		556A41D725842B8800C56516 /* Preview Assets.xcassets */ = {isa = PBXFileReference; lastKnownFileType = folder.assetcatalog; path = "Preview Assets.xcassets"; sourceTree = "<group>"; };
		556A41D925842B8800C56516 /* Info.plist */ = {isa = PBXFileReference; lastKnownFileType = text.plist.xml; path = Info.plist; sourceTree = "<group>"; };
		556A41E025842BDA00C56516 /* Framework.swift */ = {isa = PBXFileReference; lastKnownFileType = sourcecode.swift; path = Framework.swift; sourceTree = "<group>"; };
		556A41E425842D7800C56516 /* FrameworkGridView.swift */ = {isa = PBXFileReference; lastKnownFileType = sourcecode.swift; path = FrameworkGridView.swift; sourceTree = "<group>"; };
		55942618258C147A0037D5DC /* FrameworkGridViewModel.swift */ = {isa = PBXFileReference; lastKnownFileType = sourcecode.swift; path = FrameworkGridViewModel.swift; sourceTree = "<group>"; };
		55F90577258ABD360010AFD6 /* FrameworkDetailView.swift */ = {isa = PBXFileReference; lastKnownFileType = sourcecode.swift; path = FrameworkDetailView.swift; sourceTree = "<group>"; };
		55F9057A258AC13A0010AFD6 /* AFButton.swift */ = {isa = PBXFileReference; lastKnownFileType = sourcecode.swift; path = AFButton.swift; sourceTree = "<group>"; };
/* End PBXFileReference section */

/* Begin PBXFrameworksBuildPhase section */
		556A41CA25842B8700C56516 /* Frameworks */ = {
			isa = PBXFrameworksBuildPhase;
			buildActionMask = 2147483647;
			files = (
			);
			runOnlyForDeploymentPostprocessing = 0;
		};
/* End PBXFrameworksBuildPhase section */

/* Begin PBXGroup section */
		556A41C425842B8700C56516 = {
			isa = PBXGroup;
			children = (
				556A41CF25842B8700C56516 /* AppleFrameworks */,
				556A41CE25842B8700C56516 /* Products */,
			);
			sourceTree = "<group>";
		};
		556A41CE25842B8700C56516 /* Products */ = {
			isa = PBXGroup;
			children = (
				556A41CD25842B8700C56516 /* AppleFrameworks.app */,
			);
			name = Products;
			sourceTree = "<group>";
		};
		556A41CF25842B8700C56516 /* AppleFrameworks */ = {
			isa = PBXGroup;
			children = (
				556A41D025842B8700C56516 /* AppleFrameworksApp.swift */,
				556A41E025842BDA00C56516 /* Framework.swift */,
				556A41E425842D7800C56516 /* FrameworkGridView.swift */,
				55942618258C147A0037D5DC /* FrameworkGridViewModel.swift */,
				55F90577258ABD360010AFD6 /* FrameworkDetailView.swift */,
				55F9057A258AC13A0010AFD6 /* AFButton.swift */,
				556A41D425842B8800C56516 /* Assets.xcassets */,
				556A41D925842B8800C56516 /* Info.plist */,
				556A41D625842B8800C56516 /* Preview Content */,
			);
			path = AppleFrameworks;
			sourceTree = "<group>";
		};
		556A41D625842B8800C56516 /* Preview Content */ = {
			isa = PBXGroup;
			children = (
				556A41D725842B8800C56516 /* Preview Assets.xcassets */,
			);
			path = "Preview Content";
			sourceTree = "<group>";
		};
/* End PBXGroup section */

/* Begin PBXNativeTarget section */
		556A41CC25842B8700C56516 /* AppleFrameworks */ = {
			isa = PBXNativeTarget;
			buildConfigurationList = 556A41DC25842B8800C56516 /* Build configuration list for PBXNativeTarget "AppleFrameworks" */;
			buildPhases = (
				556A41C925842B8700C56516 /* Sources */,
				556A41CA25842B8700C56516 /* Frameworks */,
				556A41CB25842B8700C56516 /* Resources */,
			);
			buildRules = (
			);
			dependencies = (
			);
			name = AppleFrameworks;
			productName = AppleFrameworks;
			productReference = 556A41CD25842B8700C56516 /* AppleFrameworks.app */;
			productType = "com.apple.product-type.application";
		};
/* End PBXNativeTarget section */

/* Begin PBXProject section */
		556A41C525842B8700C56516 /* Project object */ = {
			isa = PBXProject;
			attributes = {
				LastSwiftUpdateCheck = 1220;
				LastUpgradeCheck = 1220;
				TargetAttributes = {
					556A41CC25842B8700C56516 = {
						CreatedOnToolsVersion = 12.2;
					};
				};
			};
			buildConfigurationList = 556A41C825842B8700C56516 /* Build configuration list for PBXProject "AppleFrameworks" */;
			compatibilityVersion = "Xcode 9.3";
			developmentRegion = en;
			hasScannedForEncodings = 0;
			knownRegions = (
				en,
				Base,
			);
			mainGroup = 556A41C425842B8700C56516;
			productRefGroup = 556A41CE25842B8700C56516 /* Products */;
			projectDirPath = "";
			projectRoot = "";
			targets = (
				556A41CC25842B8700C56516 /* AppleFrameworks */,
			);
		};
/* End PBXProject section */

/* Begin PBXResourcesBuildPhase section */
		556A41CB25842B8700C56516 /* Resources */ = {
			isa = PBXResourcesBuildPhase;
			buildActionMask = 2147483647;
			files = (
				556A41D825842B8800C56516 /* Preview Assets.xcassets in Resources */,
				556A41D525842B8800C56516 /* Assets.xcassets in Resources */,
			);
			runOnlyForDeploymentPostprocessing = 0;
		};
/* End PBXResourcesBuildPhase section */

/* Begin PBXSourcesBuildPhase section */
		556A41C925842B8700C56516 /* Sources */ = {
			isa = PBXSourcesBuildPhase;
			buildActionMask = 2147483647;
			files = (
				55F90578258ABD360010AFD6 /* FrameworkDetailView.swift in Sources */,
				556A41E525842D7800C56516 /* FrameworkGridView.swift in Sources */,
				556A41E125842BDA00C56516 /* Framework.swift in Sources */,
				55F9057B258AC13A0010AFD6 /* AFButton.swift in Sources */,
				556A41D125842B8700C56516 /* AppleFrameworksApp.swift in Sources */,
				55942619258C147A0037D5DC /* FrameworkGridViewModel.swift in Sources */,
			);
			runOnlyForDeploymentPostprocessing = 0;
		};
/* End PBXSourcesBuildPhase section */

/* Begin XCBuildConfiguration section */
		556A41DA25842B8800C56516 /* Debug */ = {
			isa = XCBuildConfiguration;
			buildSettings = {
				ALWAYS_SEARCH_USER_PATHS = NO;
				CLANG_ANALYZER_NONNULL = YES;
				CLANG_ANALYZER_NUMBER_OBJECT_CONVERSION = YES_AGGRESSIVE;
				CLANG_CXX_LANGUAGE_STANDARD = "gnu++14";
				CLANG_CXX_LIBRARY = "libc++";
				CLANG_ENABLE_MODULES = YES;
				CLANG_ENABLE_OBJC_ARC = YES;
				CLANG_ENABLE_OBJC_WEAK = YES;
				CLANG_WARN_BLOCK_CAPTURE_AUTORELEASING = YES;
				CLANG_WARN_BOOL_CONVERSION = YES;
				CLANG_WARN_COMMA = YES;
				CLANG_WARN_CONSTANT_CONVERSION = YES;
				CLANG_WARN_DEPRECATED_OBJC_IMPLEMENTATIONS = YES;
				CLANG_WARN_DIRECT_OBJC_ISA_USAGE = YES_ERROR;
				CLANG_WARN_DOCUMENTATION_COMMENTS = YES;
				CLANG_WARN_EMPTY_BODY = YES;
				CLANG_WARN_ENUM_CONVERSION = YES;
				CLANG_WARN_INFINITE_RECURSION = YES;
				CLANG_WARN_INT_CONVERSION = YES;
				CLANG_WARN_NON_LITERAL_NULL_CONVERSION = YES;
				CLANG_WARN_OBJC_IMPLICIT_RETAIN_SELF = YES;
				CLANG_WARN_OBJC_LITERAL_CONVERSION = YES;
				CLANG_WARN_OBJC_ROOT_CLASS = YES_ERROR;
				CLANG_WARN_QUOTED_INCLUDE_IN_FRAMEWORK_HEADER = YES;
				CLANG_WARN_RANGE_LOOP_ANALYSIS = YES;
				CLANG_WARN_STRICT_PROTOTYPES = YES;
				CLANG_WARN_SUSPICIOUS_MOVE = YES;
				CLANG_WARN_UNGUARDED_AVAILABILITY = YES_AGGRESSIVE;
				CLANG_WARN_UNREACHABLE_CODE = YES;
				CLANG_WARN__DUPLICATE_METHOD_MATCH = YES;
				COPY_PHASE_STRIP = NO;
				DEBUG_INFORMATION_FORMAT = dwarf;
				ENABLE_STRICT_OBJC_MSGSEND = YES;
				ENABLE_TESTABILITY = YES;
				GCC_C_LANGUAGE_STANDARD = gnu11;
				GCC_DYNAMIC_NO_PIC = NO;
				GCC_NO_COMMON_BLOCKS = YES;
				GCC_OPTIMIZATION_LEVEL = 0;
				GCC_PREPROCESSOR_DEFINITIONS = (
					"DEBUG=1",
					"$(inherited)",
				);
				GCC_WARN_64_TO_32_BIT_CONVERSION = YES;
				GCC_WARN_ABOUT_RETURN_TYPE = YES_ERROR;
				GCC_WARN_UNDECLARED_SELECTOR = YES;
				GCC_WARN_UNINITIALIZED_AUTOS = YES_AGGRESSIVE;
				GCC_WARN_UNUSED_FUNCTION = YES;
				GCC_WARN_UNUSED_VARIABLE = YES;
				IPHONEOS_DEPLOYMENT_TARGET = 14.2;
				MTL_ENABLE_DEBUG_INFO = INCLUDE_SOURCE;
				MTL_FAST_MATH = YES;
				ONLY_ACTIVE_ARCH = YES;
				SDKROOT = iphoneos;
				SWIFT_ACTIVE_COMPILATION_CONDITIONS = DEBUG;
				SWIFT_OPTIMIZATION_LEVEL = "-Onone";
			};
			name = Debug;
		};
		556A41DB25842B8800C56516 /* Release */ = {
			isa = XCBuildConfiguration;
			buildSettings = {
				ALWAYS_SEARCH_USER_PATHS = NO;
				CLANG_ANALYZER_NONNULL = YES;
				CLANG_ANALYZER_NUMBER_OBJECT_CONVERSION = YES_AGGRESSIVE;
				CLANG_CXX_LANGUAGE_STANDARD = "gnu++14";
				CLANG_CXX_LIBRARY = "libc++";
				CLANG_ENABLE_MODULES = YES;
				CLANG_ENABLE_OBJC_ARC = YES;
				CLANG_ENABLE_OBJC_WEAK = YES;
				CLANG_WARN_BLOCK_CAPTURE_AUTORELEASING = YES;
				CLANG_WARN_BOOL_CONVERSION = YES;
				CLANG_WARN_COMMA = YES;
				CLANG_WARN_CONSTANT_CONVERSION = YES;
				CLANG_WARN_DEPRECATED_OBJC_IMPLEMENTATIONS = YES;
				CLANG_WARN_DIRECT_OBJC_ISA_USAGE = YES_ERROR;
				CLANG_WARN_DOCUMENTATION_COMMENTS = YES;
				CLANG_WARN_EMPTY_BODY = YES;
				CLANG_WARN_ENUM_CONVERSION = YES;
				CLANG_WARN_INFINITE_RECURSION = YES;
				CLANG_WARN_INT_CONVERSION = YES;
				CLANG_WARN_NON_LITERAL_NULL_CONVERSION = YES;
				CLANG_WARN_OBJC_IMPLICIT_RETAIN_SELF = YES;
				CLANG_WARN_OBJC_LITERAL_CONVERSION = YES;
				CLANG_WARN_OBJC_ROOT_CLASS = YES_ERROR;
				CLANG_WARN_QUOTED_INCLUDE_IN_FRAMEWORK_HEADER = YES;
				CLANG_WARN_RANGE_LOOP_ANALYSIS = YES;
				CLANG_WARN_STRICT_PROTOTYPES = YES;
				CLANG_WARN_SUSPICIOUS_MOVE = YES;
				CLANG_WARN_UNGUARDED_AVAILABILITY = YES_AGGRESSIVE;
				CLANG_WARN_UNREACHABLE_CODE = YES;
				CLANG_WARN__DUPLICATE_METHOD_MATCH = YES;
				COPY_PHASE_STRIP = NO;
				DEBUG_INFORMATION_FORMAT = "dwarf-with-dsym";
				ENABLE_NS_ASSERTIONS = NO;
				ENABLE_STRICT_OBJC_MSGSEND = YES;
				GCC_C_LANGUAGE_STANDARD = gnu11;
				GCC_NO_COMMON_BLOCKS = YES;
				GCC_WARN_64_TO_32_BIT_CONVERSION = YES;
				GCC_WARN_ABOUT_RETURN_TYPE = YES_ERROR;
				GCC_WARN_UNDECLARED_SELECTOR = YES;
				GCC_WARN_UNINITIALIZED_AUTOS = YES_AGGRESSIVE;
				GCC_WARN_UNUSED_FUNCTION = YES;
				GCC_WARN_UNUSED_VARIABLE = YES;
				IPHONEOS_DEPLOYMENT_TARGET = 14.2;
				MTL_ENABLE_DEBUG_INFO = NO;
				MTL_FAST_MATH = YES;
				SDKROOT = iphoneos;
				SWIFT_COMPILATION_MODE = wholemodule;
				SWIFT_OPTIMIZATION_LEVEL = "-O";
				VALIDATE_PRODUCT = YES;
			};
			name = Release;
		};
		556A41DD25842B8800C56516 /* Debug */ = {
			isa = XCBuildConfiguration;
			buildSettings = {
				ASSETCATALOG_COMPILER_APPICON_NAME = AppIcon;
				ASSETCATALOG_COMPILER_GLOBAL_ACCENT_COLOR_NAME = AccentColor;
				CODE_SIGN_STYLE = Automatic;
				DEVELOPMENT_ASSET_PATHS = "\"AppleFrameworks/Preview Content\"";
				ENABLE_PREVIEWS = YES;
				INFOPLIST_FILE = AppleFrameworks/Info.plist;
				IPHONEOS_DEPLOYMENT_TARGET = 14.0;
				LD_RUNPATH_SEARCH_PATHS = (
					"$(inherited)",
					"@executable_path/Frameworks",
				);
				PRODUCT_BUNDLE_IDENTIFIER = com.Swifttom.AppleFrameworks;
				PRODUCT_NAME = "$(TARGET_NAME)";
				SWIFT_VERSION = 5.0;
				TARGETED_DEVICE_FAMILY = "1,2";
			};
			name = Debug;
		};
		556A41DE25842B8800C56516 /* Release */ = {
			isa = XCBuildConfiguration;
			buildSettings = {
				ASSETCATALOG_COMPILER_APPICON_NAME = AppIcon;
				ASSETCATALOG_COMPILER_GLOBAL_ACCENT_COLOR_NAME = AccentColor;
				CODE_SIGN_STYLE = Automatic;
				DEVELOPMENT_ASSET_PATHS = "\"AppleFrameworks/Preview Content\"";
				ENABLE_PREVIEWS = YES;
				INFOPLIST_FILE = AppleFrameworks/Info.plist;
				IPHONEOS_DEPLOYMENT_TARGET = 14.0;
				LD_RUNPATH_SEARCH_PATHS = (
					"$(inherited)",
					"@executable_path/Frameworks",
				);
				PRODUCT_BUNDLE_IDENTIFIER = com.Swifttom.AppleFrameworks;
				PRODUCT_NAME = "$(TARGET_NAME)";
				SWIFT_VERSION = 5.0;
				TARGETED_DEVICE_FAMILY = "1,2";
			};
			name = Release;
		};
/* End XCBuildConfiguration section */

/* Begin XCConfigurationList section */
		556A41C825842B8700C56516 /* Build configuration list for PBXProject "AppleFrameworks" */ = {
			isa = XCConfigurationList;
			buildConfigurations = (
				556A41DA25842B8800C56516 /* Debug */,
				556A41DB25842B8800C56516 /* Release */,
			);
			defaultConfigurationIsVisible = 0;
			defaultConfigurationName = Release;
		};
		556A41DC25842B8800C56516 /* Build configuration list for PBXNativeTarget "AppleFrameworks" */ = {
			isa = XCConfigurationList;
			buildConfigurations = (
				556A41DD25842B8800C56516 /* Debug */,
				556A41DE25842B8800C56516 /* Release */,
			);
			defaultConfigurationIsVisible = 0;
			defaultConfigurationName = Release;
		};
/* End XCConfigurationList section */
	};
	rootObject = 556A41C525842B8700C56516 /* Project object */;
}
